
Microsoft Visual Studio Solution File, Format Version 12.00
# Visual Studio Version 16
VisualStudioVersion = 16.0.30717.126
MinimumVisualStudioVersion = 10.0.40219.1
Project("{9A19103F-16F7-4668-BE54-9A1E7A4F7556}") = "ProducerApp1", "ProducerApp1\ProducerApp1.csproj", "{354DC995-F9DF-44AB-84DE-62D447B2A0E7}"
EndProject
Project("{9A19103F-16F7-4668-BE54-9A1E7A4F7556}") = "ComsumerApp1", "ComsumerApp1\ComsumerApp1.csproj", "{6D816211-6040-4D25-A8A0-AD622C93668C}"
EndProject
Project("{9A19103F-16F7-4668-BE54-9A1E7A4F7556}") = "ClassLibrary1", "ClassLibrary1\ClassLibrary1.csproj", "{7CF30E45-0DAB-44A7-AA34-755F04298090}"
EndProject
Global
	GlobalSection(SolutionConfigurationPlatforms) = preSolution
		Debug|Any CPU = Debug|Any CPU
		Release|Any CPU = Release|Any CPU
	EndGlobalSection
	GlobalSection(ProjectConfigurationPlatforms) = postSolution
		{354DC995-F9DF-44AB-84DE-62D447B2A0E7}.Debug|Any CPU.ActiveCfg = Debug|Any CPU
		{354DC995-F9DF-44AB-84DE-62D447B2A0E7}.Debug|Any CPU.Build.0 = Debug|Any CPU
		{354DC995-F9DF-44AB-84DE-62D447B2A0E7}.Release|Any CPU.ActiveCfg = Release|Any CPU
		{354DC995-F9DF-44AB-84DE-62D447B2A0E7}.Release|Any CPU.Build.0 = Release|Any CPU
		{6D816211-6040-4D25-A8A0-AD622C93668C}.Debug|Any CPU.ActiveCfg = Debug|Any CPU
		{6D816211-6040-4D25-A8A0-AD622C93668C}.Debug|Any CPU.Build.0 = Debug|Any CPU
		{6D816211-6040-4D25-A8A0-AD622C93668C}.Release|Any CPU.ActiveCfg = Release|Any CPU
		{6D816211-6040-4D25-A8A0-AD622C93668C}.Release|Any CPU.Build.0 = Release|Any CPU
		{7CF30E45-0DAB-44A7-AA34-755F04298090}.Debug|Any CPU.ActiveCfg = Debug|Any CPU
		{7CF30E45-0DAB-44A7-AA34-755F04298090}.Debug|Any CPU.Build.0 = Debug|Any CPU
		{7CF30E45-0DAB-44A7-AA34-755F04298090}.Release|Any CPU.ActiveCfg = Release|Any CPU
		{7CF30E45-0DAB-44A7-AA34-755F04298090}.Release|Any CPU.Build.0 = Release|Any CPU
	EndGlobalSection
	GlobalSection(SolutionProperties) = preSolution
		HideSolutionNode = FALSE
	EndGlobalSection
	GlobalSection(ExtensibilityGlobals) = postSolution
		SolutionGuid = {D00072A4-A9DB-4F61-9041-D58D2490BB04}
	EndGlobalSection
EndGlobal
